{
  "nodes": {
    "frostix": {
      "inputs": {
        "nixpkgs": [
          "nixpkgs"
        ]
      },
      "locked": {
        "lastModified": 1762951674,
        "narHash": "sha256-Z6ONoTC+ECCMEmMIwdniuve6gU1FgZNcvgwlaC+fOiY=",
        "owner": "shomykohai",
        "repo": "frostix",
        "rev": "aaa1c0f68df5c091495056416fb61053acdf39ab",
        "type": "github"
      },
      "original": {
        "owner": "shomykohai",
        "repo": "frostix",
        "type": "github"
      }
    },
    "nixpkgs": {
      "locked": {
        "lastModified": 1763334038,
        "narHash": "sha256-LBVOyaH6NFzQ3X/c6vfMZ9k4SV2ofhpxeL9YnhHNJQQ=",
        "owner": "NixOS",
        "repo": "nixpkgs",
        "rev": "4c8cdd5b1a630e8f72c9dd9bf582b1afb3127d2c",
        "type": "github"
      },
      "original": {
        "owner": "NixOS",
        "ref": "nixos-25.05",
        "repo": "nixpkgs",
        "type": "github"
      }
    },
    "root": {
      "inputs": {
        "frostix": "frostix",
        "nixpkgs": "nixpkgs"
      }
    }
  },
  "root": "root",
  "version": 7
}
